github.com/cenkalti/dominantcolor v1.0.3 h1:Pt0vfRZ8enkZh1n22RvoboA53SMM/v2aEwNQTZKSqww=
github.com/cenkalti/dominantcolor v1.0.3/go.mod h1:mGpFMbWUnyXaGN48Zbf9bU9HJP1eCCD7dnsscb4lyR4=
golang.org/x/image v0.20.0 h1:7cVCUjQwfL18gyBJOmYvptfSHS8Fb3YUDtfLIZ7Nbpw=
golang.org/x/image v0.20.0/go.mod h1:0a88To4CYVBAHp5FXJm8o7QbUl37Vd85ply1vyD8auM=
